{"version":4,"terraform_version":"1.10.2","serial":5,"lineage":"7aba20cf-1f94-2793-2b3d-31ad83286cd0","outputs":{},"resources":[{"mode":"managed","type":"aws_dynamodb_table","name":"lock","provider":"provider[\"registry.opentofu.org/hashicorp/aws\"]","instances":[{"schema_version":1,"attributes":{"arn":"arn:aws:dynamodb:us-west-1:913197191657:table/mycompany-myproject-cdktf-lock-00001","attribute":[{"name":"LockID","type":"S"}],"billing_mode":"PAY_PER_REQUEST","deletion_protection_enabled":false,"global_secondary_index":[],"hash_key":"LockID","id":"mycompany-myproject-cdktf-lock-00001","import_table":[],"local_secondary_index":[],"name":"mycompany-myproject-cdktf-lock-00001","on_demand_throughput":[],"point_in_time_recovery":[{"enabled":false,"recovery_period_in_days":0}],"range_key":null,"read_capacity":0,"region":"us-west-1","replica":[],"restore_date_time":null,"restore_source_name":null,"restore_source_table_arn":null,"restore_to_latest_time":null,"server_side_encryption":[],"stream_arn":"","stream_enabled":false,"stream_label":"","stream_view_type":"","table_class":"STANDARD","tags":null,"tags_all":{},"timeouts":null,"ttl":[{"attribute_name":"","enabled":false}],"write_capacity":0},"sensitive_attributes":[],"private":"eyJlMmJmYjczMC1lY2FhLTExZTYtOGY4OC0zNDM2M2JjN2M0YzAiOnsiY3JlYXRlIjoxODAwMDAwMDAwMDAwLCJkZWxldGUiOjYwMDAwMDAwMDAwMCwidXBkYXRlIjozNjAwMDAwMDAwMDAwfSwic2NoZW1hX3ZlcnNpb24iOiIxIn0="}]},{"mode":"managed","type":"aws_s3_bucket","name":"stateBucket","provider":"provider[\"registry.opentofu.org/hashicorp/aws\"]","instances":[{"schema_version":0,"attributes":{"acceleration_status":"","acl":null,"arn":"arn:aws:s3:::mycompany-myproject-cdktf-state-00001","bucket":"mycompany-myproject-cdktf-state-00001","bucket_domain_name":"mycompany-myproject-cdktf-state-00001.s3.amazonaws.com","bucket_prefix":"","bucket_region":"us-west-1","bucket_regional_domain_name":"mycompany-myproject-cdktf-state-00001.s3.us-west-1.amazonaws.com","cors_rule":[],"force_destroy":false,"grant":[{"id":"589b5292ff5c7ce0445d4bdd4ad29f853826d0b663f53398a3552fea69270391","permissions":["FULL_CONTROL"],"type":"CanonicalUser","uri":""}],"hosted_zone_id":"Z2F56UZL2M1ACD","id":"mycompany-myproject-cdktf-state-00001","lifecycle_rule":[],"logging":[],"object_lock_configuration":[],"object_lock_enabled":false,"policy":"","region":"us-west-1","replication_configuration":[],"request_payer":"BucketOwner","server_side_encryption_configuration":[{"rule":[{"apply_server_side_encryption_by_default":[{"kms_master_key_id":"","sse_algorithm":"AES256"}],"bucket_key_enabled":false}]}],"tags":null,"tags_all":{},"timeouts":null,"versioning":[{"enabled":true,"mfa_delete":false}],"website":[],"website_domain":null,"website_endpoint":null},"sensitive_attributes":[],"private":"eyJlMmJmYjczMC1lY2FhLTExZTYtOGY4OC0zNDM2M2JjN2M0YzAiOnsiY3JlYXRlIjoxMjAwMDAwMDAwMDAwLCJkZWxldGUiOjM2MDAwMDAwMDAwMDAsInJlYWQiOjEyMDAwMDAwMDAwMDAsInVwZGF0ZSI6MTIwMDAwMDAwMDAwMH19"}]},{"mode":"managed","type":"aws_s3_bucket_versioning","name":"stateBucketVersioning","provider":"provider[\"registry.opentofu.org/hashicorp/aws\"]","instances":[{"schema_version":0,"attributes":{"bucket":"mycompany-myproject-cdktf-state-00001","expected_bucket_owner":"","id":"mycompany-myproject-cdktf-state-00001","mfa":null,"region":"us-west-1","versioning_configuration":[{"mfa_delete":"","status":"Enabled"}]},"sensitive_attributes":[],"private":"bnVsbA=="}]}],"check_results":null}
